github.com/davecgh/go-spew v1.1.1 h1:vj9j/u1bqnvCEfJOwUhtlOARqs3+rkHYY13jYWTU97c=
github.com/pmezard/go-difflib v1.0.0 h1:4DBwDE0NGyQoBHbLQYPwSUPoCMWR5BEzIk/f1lZbAQM=
github.com/stretchr/testify v1.8.2 h1:+h33VjcLVPDHtOdpUCuF+7gSuG3yGIftsP1YvFihtJ8=
github.com/thewizardplusplus/go-writable-fs v0.0.0-20230515225355-8e955726426f h1:Xo2eeAMYpd3tACzKi84o+bf8sz90FzhW25eWs04vNac=
github.com/thewizardplusplus/go-writable-fs v0.0.0-20230515225355-8e955726426f/go.mod h1:pu9QDYnUkqpIY+wv3MHTp4MUoaTBT+VxP4U3koF3qbs=
gopkg.in/yaml.v3 v3.0.1 h1:fxVm/GzAzEWqLHuvctI91KS9hhNmmWOoWu0XTYJS7CA=
